
Microsoft Visual Studio Solution File, Format Version 12.00
Project("{FAE04EC0-301F-11D3-BF4B-00C04F79EFBC}") = "Socket-Programming", "Socket-Programming\Socket-Programming.csproj", "{B0878F41-9A81-4164-BDC4-A499CE294722}"
EndProject
Global
	GlobalSection(SolutionConfigurationPlatforms) = preSolution
		Debug|Any CPU = Debug|Any CPU
		Release|Any CPU = Release|Any CPU
	EndGlobalSection
	GlobalSection(ProjectConfigurationPlatforms) = postSolution
		{B0878F41-9A81-4164-BDC4-A499CE294722}.Debug|Any CPU.ActiveCfg = Debug|Any CPU
		{B0878F41-9A81-4164-BDC4-A499CE294722}.Debug|Any CPU.Build.0 = Debug|Any CPU
		{B0878F41-9A81-4164-BDC4-A499CE294722}.Release|Any CPU.ActiveCfg = Release|Any CPU
		{B0878F41-9A81-4164-BDC4-A499CE294722}.Release|Any CPU.Build.0 = Release|Any CPU
	EndGlobalSection
EndGlobal
