
Microsoft Visual Studio Solution File, Format Version 12.00
# Visual Studio Version 17
VisualStudioVersion = 17.4.33213.308
MinimumVisualStudioVersion = 10.0.40219.1
Project("{FAE04EC0-301F-11D3-BF4B-00C04F79EFBC}") = "EfCoreWithMVC", "EfCoreWithMVC\EfCoreWithMVC.csproj", "{AB27AED6-BC3B-448C-80D9-75733E56503F}"
EndProject
Global
	GlobalSection(SolutionConfigurationPlatforms) = preSolution
		Debug|Any CPU = Debug|Any CPU
		Release|Any CPU = Release|Any CPU
	EndGlobalSection
	GlobalSection(ProjectConfigurationPlatforms) = postSolution
		{AB27AED6-BC3B-448C-80D9-75733E56503F}.Debug|Any CPU.ActiveCfg = Debug|Any CPU
		{AB27AED6-BC3B-448C-80D9-75733E56503F}.Debug|Any CPU.Build.0 = Debug|Any CPU
		{AB27AED6-BC3B-448C-80D9-75733E56503F}.Release|Any CPU.ActiveCfg = Release|Any CPU
		{AB27AED6-BC3B-448C-80D9-75733E56503F}.Release|Any CPU.Build.0 = Release|Any CPU
	EndGlobalSection
	GlobalSection(SolutionProperties) = preSolution
		HideSolutionNode = FALSE
	EndGlobalSection
	GlobalSection(ExtensibilityGlobals) = postSolution
		SolutionGuid = {36367B3B-D901-43FB-A212-596309ED4775}
	EndGlobalSection
EndGlobal
